// !$*UTF8*$!
{
	archiveVersion = 1;
	classes = {
	};
	objectVersion = 55;
	objects = {

/* Begin PBXBuildFile section */
		2E2EC23D283D43A1006C4CFA /* AppDelegate.swift in Sources */ = {isa = PBXBuildFile; fileRef = 2E2EC23C283D43A1006C4CFA /* AppDelegate.swift */; };
		2E2EC23F283D43A1006C4CFA /* SceneDelegate.swift in Sources */ = {isa = PBXBuildFile; fileRef = 2E2EC23E283D43A1006C4CFA /* SceneDelegate.swift */; };
		2E2EC241283D43A1006C4CFA /* ViewController.swift in Sources */ = {isa = PBXBuildFile; fileRef = 2E2EC240283D43A1006C4CFA /* ViewController.swift */; };
		2E2EC244283D43A1006C4CFA /* Main.storyboard in Resources */ = {isa = PBXBuildFile; fileRef = 2E2EC242283D43A1006C4CFA /* Main.storyboard */; };
		2E2EC246283D43A4006C4CFA /* Assets.xcassets in Resources */ = {isa = PBXBuildFile; fileRef = 2E2EC245283D43A4006C4CFA /* Assets.xcassets */; };
		2E2EC249283D43A4006C4CFA /* LaunchScreen.storyboard in Resources */ = {isa = PBXBuildFile; fileRef = 2E2EC247283D43A4006C4CFA /* LaunchScreen.storyboard */; };
		2E2EC256283D4484006C4CFA /* RecentSearchesTableViewCell.swift in Sources */ = {isa = PBXBuildFile; fileRef = 2E2EC254283D4484006C4CFA /* RecentSearchesTableViewCell.swift */; };
		2E2EC257283D4484006C4CFA /* RecentSearchesTableViewCell.xib in Resources */ = {isa = PBXBuildFile; fileRef = 2E2EC255283D4484006C4CFA /* RecentSearchesTableViewCell.xib */; };
		2E2EC25C283D49D9006C4CFA /* CityModel.swift in Sources */ = {isa = PBXBuildFile; fileRef = 2E2EC25B283D49D9006C4CFA /* CityModel.swift */; };
		2E2EC25E283D49E7006C4CFA /* WeatherModel.swift in Sources */ = {isa = PBXBuildFile; fileRef = 2E2EC25D283D49E7006C4CFA /* WeatherModel.swift */; };
		2E2EC262283E0893006C4CFA /* HeaderTableViewCell.swift in Sources */ = {isa = PBXBuildFile; fileRef = 2E2EC261283E0893006C4CFA /* HeaderTableViewCell.swift */; };
		2E2EC284283E4FA7006C4CFA /* API.swift in Sources */ = {isa = PBXBuildFile; fileRef = 2E2EC283283E4FA7006C4CFA /* API.swift */; };
		2E2EC286283E4FAA006C4CFA /* NetworkManager.swift in Sources */ = {isa = PBXBuildFile; fileRef = 2E2EC285283E4FAA006C4CFA /* NetworkManager.swift */; };
		2E2EC288283E4FAD006C4CFA /* API+Extension.swift in Sources */ = {isa = PBXBuildFile; fileRef = 2E2EC287283E4FAD006C4CFA /* API+Extension.swift */; };
		2E2EC28C283F78D1006C4CFA /* WeatherDetailViewController.swift in Sources */ = {isa = PBXBuildFile; fileRef = 2E2EC28B283F78D1006C4CFA /* WeatherDetailViewController.swift */; };
/* End PBXBuildFile section */

/* Begin PBXFileReference section */
		2E2EC239283D43A1006C4CFA /* WeatherFi.app */ = {isa = PBXFileReference; explicitFileType = wrapper.application; includeInIndex = 0; path = WeatherFi.app; sourceTree = BUILT_PRODUCTS_DIR; };
		2E2EC23C283D43A1006C4CFA /* AppDelegate.swift */ = {isa = PBXFileReference; lastKnownFileType = sourcecode.swift; path = AppDelegate.swift; sourceTree = "<group>"; };
		2E2EC23E283D43A1006C4CFA /* SceneDelegate.swift */ = {isa = PBXFileReference; lastKnownFileType = sourcecode.swift; path = SceneDelegate.swift; sourceTree = "<group>"; };
		2E2EC240283D43A1006C4CFA /* ViewController.swift */ = {isa = PBXFileReference; lastKnownFileType = sourcecode.swift; path = ViewController.swift; sourceTree = "<group>"; };
		2E2EC243283D43A1006C4CFA /* Base */ = {isa = PBXFileReference; lastKnownFileType = file.storyboard; name = Base; path = Base.lproj/Main.storyboard; sourceTree = "<group>"; };
		2E2EC245283D43A4006C4CFA /* Assets.xcassets */ = {isa = PBXFileReference; lastKnownFileType = folder.assetcatalog; path = Assets.xcassets; sourceTree = "<group>"; };
		2E2EC248283D43A4006C4CFA /* Base */ = {isa = PBXFileReference; lastKnownFileType = file.storyboard; name = Base; path = Base.lproj/LaunchScreen.storyboard; sourceTree = "<group>"; };
		2E2EC24A283D43A5006C4CFA /* Info.plist */ = {isa = PBXFileReference; lastKnownFileType = text.plist.xml; path = Info.plist; sourceTree = "<group>"; };
		2E2EC254283D4484006C4CFA /* RecentSearchesTableViewCell.swift */ = {isa = PBXFileReference; lastKnownFileType = sourcecode.swift; path = RecentSearchesTableViewCell.swift; sourceTree = "<group>"; };
		2E2EC255283D4484006C4CFA /* RecentSearchesTableViewCell.xib */ = {isa = PBXFileReference; lastKnownFileType = file.xib; path = RecentSearchesTableViewCell.xib; sourceTree = "<group>"; };
		2E2EC25B283D49D9006C4CFA /* CityModel.swift */ = {isa = PBXFileReference; lastKnownFileType = sourcecode.swift; path = CityModel.swift; sourceTree = "<group>"; };
		2E2EC25D283D49E7006C4CFA /* WeatherModel.swift */ = {isa = PBXFileReference; lastKnownFileType = sourcecode.swift; path = WeatherModel.swift; sourceTree = "<group>"; };
		2E2EC261283E0893006C4CFA /* HeaderTableViewCell.swift */ = {isa = PBXFileReference; lastKnownFileType = sourcecode.swift; path = HeaderTableViewCell.swift; sourceTree = "<group>"; };
		2E2EC283283E4FA7006C4CFA /* API.swift */ = {isa = PBXFileReference; lastKnownFileType = sourcecode.swift; path = API.swift; sourceTree = "<group>"; };
		2E2EC285283E4FAA006C4CFA /* NetworkManager.swift */ = {isa = PBXFileReference; lastKnownFileType = sourcecode.swift; path = NetworkManager.swift; sourceTree = "<group>"; };
		2E2EC287283E4FAD006C4CFA /* API+Extension.swift */ = {isa = PBXFileReference; lastKnownFileType = sourcecode.swift; path = "API+Extension.swift"; sourceTree = "<group>"; };
		2E2EC28B283F78D1006C4CFA /* WeatherDetailViewController.swift */ = {isa = PBXFileReference; lastKnownFileType = sourcecode.swift; path = WeatherDetailViewController.swift; sourceTree = "<group>"; };
/* End PBXFileReference section */

/* Begin PBXFrameworksBuildPhase section */
		2E2EC236283D43A1006C4CFA /* Frameworks */ = {
			isa = PBXFrameworksBuildPhase;
			buildActionMask = 2147483647;
			files = (
			);
			runOnlyForDeploymentPostprocessing = 0;
		};
/* End PBXFrameworksBuildPhase section */

/* Begin PBXGroup section */
		2E2EC230283D43A1006C4CFA = {
			isa = PBXGroup;
			children = (
				2E2EC23B283D43A1006C4CFA /* WeatherFi */,
				2E2EC23A283D43A1006C4CFA /* Products */,
			);
			sourceTree = "<group>";
		};
		2E2EC23A283D43A1006C4CFA /* Products */ = {
			isa = PBXGroup;
			children = (
				2E2EC239283D43A1006C4CFA /* WeatherFi.app */,
			);
			name = Products;
			sourceTree = "<group>";
		};
		2E2EC23B283D43A1006C4CFA /* WeatherFi */ = {
			isa = PBXGroup;
			children = (
				2E2EC23C283D43A1006C4CFA /* AppDelegate.swift */,
				2E2EC2922840D98E006C4CFA /* Network Helper */,
				2E2EC2912840D95C006C4CFA /* Controllers */,
				2E2EC2902840D922006C4CFA /* Views */,
				2E2EC25A283D49BC006C4CFA /* Model */,
				2E2EC23E283D43A1006C4CFA /* SceneDelegate.swift */,
				2E2EC245283D43A4006C4CFA /* Assets.xcassets */,
				2E2EC247283D43A4006C4CFA /* LaunchScreen.storyboard */,
				2E2EC24A283D43A5006C4CFA /* Info.plist */,
			);
			path = WeatherFi;
			sourceTree = "<group>";
		};
		2E2EC25A283D49BC006C4CFA /* Model */ = {
			isa = PBXGroup;
			children = (
				2E2EC25B283D49D9006C4CFA /* CityModel.swift */,
				2E2EC25D283D49E7006C4CFA /* WeatherModel.swift */,
			);
			path = Model;
			sourceTree = "<group>";
		};
		2E2EC2902840D922006C4CFA /* Views */ = {
			isa = PBXGroup;
			children = (
				2E2EC2932840D9AC006C4CFA /* TableView Cell */,
				2E2EC242283D43A1006C4CFA /* Main.storyboard */,
			);
			path = Views;
			sourceTree = "<group>";
		};
		2E2EC2912840D95C006C4CFA /* Controllers */ = {
			isa = PBXGroup;
			children = (
				2E2EC28B283F78D1006C4CFA /* WeatherDetailViewController.swift */,
				2E2EC240283D43A1006C4CFA /* ViewController.swift */,
			);
			path = Controllers;
			sourceTree = "<group>";
		};
		2E2EC2922840D98E006C4CFA /* Network Helper */ = {
			isa = PBXGroup;
			children = (
				2E2EC283283E4FA7006C4CFA /* API.swift */,
				2E2EC287283E4FAD006C4CFA /* API+Extension.swift */,
				2E2EC285283E4FAA006C4CFA /* NetworkManager.swift */,
			);
			path = "Network Helper";
			sourceTree = "<group>";
		};
		2E2EC2932840D9AC006C4CFA /* TableView Cell */ = {
			isa = PBXGroup;
			children = (
				2E2EC254283D4484006C4CFA /* RecentSearchesTableViewCell.swift */,
				2E2EC255283D4484006C4CFA /* RecentSearchesTableViewCell.xib */,
				2E2EC261283E0893006C4CFA /* HeaderTableViewCell.swift */,
			);
			path = "TableView Cell";
			sourceTree = "<group>";
		};
/* End PBXGroup section */

/* Begin PBXNativeTarget section */
		2E2EC238283D43A1006C4CFA /* WeatherFi */ = {
			isa = PBXNativeTarget;
			buildConfigurationList = 2E2EC24D283D43A5006C4CFA /* Build configuration list for PBXNativeTarget "WeatherFi" */;
			buildPhases = (
				2E2EC235283D43A1006C4CFA /* Sources */,
				2E2EC236283D43A1006C4CFA /* Frameworks */,
				2E2EC237283D43A1006C4CFA /* Resources */,
			);
			buildRules = (
			);
			dependencies = (
			);
			name = WeatherFi;
			productName = WeatherFi;
			productReference = 2E2EC239283D43A1006C4CFA /* WeatherFi.app */;
			productType = "com.apple.product-type.application";
		};
/* End PBXNativeTarget section */

/* Begin PBXProject section */
		2E2EC231283D43A1006C4CFA /* Project object */ = {
			isa = PBXProject;
			attributes = {
				BuildIndependentTargetsInParallel = 1;
				LastSwiftUpdateCheck = 1310;
				LastUpgradeCheck = 1310;
				TargetAttributes = {
					2E2EC238283D43A1006C4CFA = {
						CreatedOnToolsVersion = 13.1;
					};
				};
			};
			buildConfigurationList = 2E2EC234283D43A1006C4CFA /* Build configuration list for PBXProject "WeatherFi" */;
			compatibilityVersion = "Xcode 13.0";
			developmentRegion = en;
			hasScannedForEncodings = 0;
			knownRegions = (
				en,
				Base,
			);
			mainGroup = 2E2EC230283D43A1006C4CFA;
			productRefGroup = 2E2EC23A283D43A1006C4CFA /* Products */;
			projectDirPath = "";
			projectRoot = "";
			targets = (
				2E2EC238283D43A1006C4CFA /* WeatherFi */,
			);
		};
/* End PBXProject section */

/* Begin PBXResourcesBuildPhase section */
		2E2EC237283D43A1006C4CFA /* Resources */ = {
			isa = PBXResourcesBuildPhase;
			buildActionMask = 2147483647;
			files = (
				2E2EC257283D4484006C4CFA /* RecentSearchesTableViewCell.xib in Resources */,
				2E2EC249283D43A4006C4CFA /* LaunchScreen.storyboard in Resources */,
				2E2EC246283D43A4006C4CFA /* Assets.xcassets in Resources */,
				2E2EC244283D43A1006C4CFA /* Main.storyboard in Resources */,
			);
			runOnlyForDeploymentPostprocessing = 0;
		};
/* End PBXResourcesBuildPhase section */

/* Begin PBXSourcesBuildPhase section */
		2E2EC235283D43A1006C4CFA /* Sources */ = {
			isa = PBXSourcesBuildPhase;
			buildActionMask = 2147483647;
			files = (
				2E2EC288283E4FAD006C4CFA /* API+Extension.swift in Sources */,
				2E2EC262283E0893006C4CFA /* HeaderTableViewCell.swift in Sources */,
				2E2EC241283D43A1006C4CFA /* ViewController.swift in Sources */,
				2E2EC286283E4FAA006C4CFA /* NetworkManager.swift in Sources */,
				2E2EC25C283D49D9006C4CFA /* CityModel.swift in Sources */,
				2E2EC28C283F78D1006C4CFA /* WeatherDetailViewController.swift in Sources */,
				2E2EC25E283D49E7006C4CFA /* WeatherModel.swift in Sources */,
				2E2EC23D283D43A1006C4CFA /* AppDelegate.swift in Sources */,
				2E2EC23F283D43A1006C4CFA /* SceneDelegate.swift in Sources */,
				2E2EC284283E4FA7006C4CFA /* API.swift in Sources */,
				2E2EC256283D4484006C4CFA /* RecentSearchesTableViewCell.swift in Sources */,
			);
			runOnlyForDeploymentPostprocessing = 0;
		};
/* End PBXSourcesBuildPhase section */

/* Begin PBXVariantGroup section */
		2E2EC242283D43A1006C4CFA /* Main.storyboard */ = {
			isa = PBXVariantGroup;
			children = (
				2E2EC243283D43A1006C4CFA /* Base */,
			);
			name = Main.storyboard;
			sourceTree = "<group>";
		};
		2E2EC247283D43A4006C4CFA /* LaunchScreen.storyboard */ = {
			isa = PBXVariantGroup;
			children = (
				2E2EC248283D43A4006C4CFA /* Base */,
			);
			name = LaunchScreen.storyboard;
			sourceTree = "<group>";
		};
/* End PBXVariantGroup section */

/* Begin XCBuildConfiguration section */
		2E2EC24B283D43A5006C4CFA /* Debug */ = {
			isa = XCBuildConfiguration;
			buildSettings = {
				ALWAYS_SEARCH_USER_PATHS = NO;
				CLANG_ANALYZER_NONNULL = YES;
				CLANG_ANALYZER_NUMBER_OBJECT_CONVERSION = YES_AGGRESSIVE;
				CLANG_CXX_LANGUAGE_STANDARD = "gnu++17";
				CLANG_CXX_LIBRARY = "libc++";
				CLANG_ENABLE_MODULES = YES;
				CLANG_ENABLE_OBJC_ARC = YES;
				CLANG_ENABLE_OBJC_WEAK = YES;
				CLANG_WARN_BLOCK_CAPTURE_AUTORELEASING = YES;
				CLANG_WARN_BOOL_CONVERSION = YES;
				CLANG_WARN_COMMA = YES;
				CLANG_WARN_CONSTANT_CONVERSION = YES;
				CLANG_WARN_DEPRECATED_OBJC_IMPLEMENTATIONS = YES;
				CLANG_WARN_DIRECT_OBJC_ISA_USAGE = YES_ERROR;
				CLANG_WARN_DOCUMENTATION_COMMENTS = YES;
				CLANG_WARN_EMPTY_BODY = YES;
				CLANG_WARN_ENUM_CONVERSION = YES;
				CLANG_WARN_INFINITE_RECURSION = YES;
				CLANG_WARN_INT_CONVERSION = YES;
				CLANG_WARN_NON_LITERAL_NULL_CONVERSION = YES;
				CLANG_WARN_OBJC_IMPLICIT_RETAIN_SELF = YES;
				CLANG_WARN_OBJC_LITERAL_CONVERSION = YES;
				CLANG_WARN_OBJC_ROOT_CLASS = YES_ERROR;
				CLANG_WARN_QUOTED_INCLUDE_IN_FRAMEWORK_HEADER = YES;
				CLANG_WARN_RANGE_LOOP_ANALYSIS = YES;
				CLANG_WARN_STRICT_PROTOTYPES = YES;
				CLANG_WARN_SUSPICIOUS_MOVE = YES;
				CLANG_WARN_UNGUARDED_AVAILABILITY = YES_AGGRESSIVE;
				CLANG_WARN_UNREACHABLE_CODE = YES;
				CLANG_WARN__DUPLICATE_METHOD_MATCH = YES;
				COPY_PHASE_STRIP = NO;
				DEBUG_INFORMATION_FORMAT = dwarf;
				ENABLE_STRICT_OBJC_MSGSEND = YES;
				ENABLE_TESTABILITY = YES;
				GCC_C_LANGUAGE_STANDARD = gnu11;
				GCC_DYNAMIC_NO_PIC = NO;
				GCC_NO_COMMON_BLOCKS = YES;
				GCC_OPTIMIZATION_LEVEL = 0;
				GCC_PREPROCESSOR_DEFINITIONS = (
					"DEBUG=1",
					"$(inherited)",
				);
				GCC_WARN_64_TO_32_BIT_CONVERSION = YES;
				GCC_WARN_ABOUT_RETURN_TYPE = YES_ERROR;
				GCC_WARN_UNDECLARED_SELECTOR = YES;
				GCC_WARN_UNINITIALIZED_AUTOS = YES_AGGRESSIVE;
				GCC_WARN_UNUSED_FUNCTION = YES;
				GCC_WARN_UNUSED_VARIABLE = YES;
				IPHONEOS_DEPLOYMENT_TARGET = 15.0;
				MTL_ENABLE_DEBUG_INFO = INCLUDE_SOURCE;
				MTL_FAST_MATH = YES;
				ONLY_ACTIVE_ARCH = YES;
				SDKROOT = iphoneos;
				SWIFT_ACTIVE_COMPILATION_CONDITIONS = DEBUG;
				SWIFT_OPTIMIZATION_LEVEL = "-Onone";
			};
			name = Debug;
		};
		2E2EC24C283D43A5006C4CFA /* Release */ = {
			isa = XCBuildConfiguration;
			buildSettings = {
				ALWAYS_SEARCH_USER_PATHS = NO;
				CLANG_ANALYZER_NONNULL = YES;
				CLANG_ANALYZER_NUMBER_OBJECT_CONVERSION = YES_AGGRESSIVE;
				CLANG_CXX_LANGUAGE_STANDARD = "gnu++17";
				CLANG_CXX_LIBRARY = "libc++";
				CLANG_ENABLE_MODULES = YES;
				CLANG_ENABLE_OBJC_ARC = YES;
				CLANG_ENABLE_OBJC_WEAK = YES;
				CLANG_WARN_BLOCK_CAPTURE_AUTORELEASING = YES;
				CLANG_WARN_BOOL_CONVERSION = YES;
				CLANG_WARN_COMMA = YES;
				CLANG_WARN_CONSTANT_CONVERSION = YES;
				CLANG_WARN_DEPRECATED_OBJC_IMPLEMENTATIONS = YES;
				CLANG_WARN_DIRECT_OBJC_ISA_USAGE = YES_ERROR;
				CLANG_WARN_DOCUMENTATION_COMMENTS = YES;
				CLANG_WARN_EMPTY_BODY = YES;
				CLANG_WARN_ENUM_CONVERSION = YES;
				CLANG_WARN_INFINITE_RECURSION = YES;
				CLANG_WARN_INT_CONVERSION = YES;
				CLANG_WARN_NON_LITERAL_NULL_CONVERSION = YES;
				CLANG_WARN_OBJC_IMPLICIT_RETAIN_SELF = YES;
				CLANG_WARN_OBJC_LITERAL_CONVERSION = YES;
				CLANG_WARN_OBJC_ROOT_CLASS = YES_ERROR;
				CLANG_WARN_QUOTED_INCLUDE_IN_FRAMEWORK_HEADER = YES;
				CLANG_WARN_RANGE_LOOP_ANALYSIS = YES;
				CLANG_WARN_STRICT_PROTOTYPES = YES;
				CLANG_WARN_SUSPICIOUS_MOVE = YES;
				CLANG_WARN_UNGUARDED_AVAILABILITY = YES_AGGRESSIVE;
				CLANG_WARN_UNREACHABLE_CODE = YES;
				CLANG_WARN__DUPLICATE_METHOD_MATCH = YES;
				COPY_PHASE_STRIP = NO;
				DEBUG_INFORMATION_FORMAT = "dwarf-with-dsym";
				ENABLE_NS_ASSERTIONS = NO;
				ENABLE_STRICT_OBJC_MSGSEND = YES;
				GCC_C_LANGUAGE_STANDARD = gnu11;
				GCC_NO_COMMON_BLOCKS = YES;
				GCC_WARN_64_TO_32_BIT_CONVERSION = YES;
				GCC_WARN_ABOUT_RETURN_TYPE = YES_ERROR;
				GCC_WARN_UNDECLARED_SELECTOR = YES;
				GCC_WARN_UNINITIALIZED_AUTOS = YES_AGGRESSIVE;
				GCC_WARN_UNUSED_FUNCTION = YES;
				GCC_WARN_UNUSED_VARIABLE = YES;
				IPHONEOS_DEPLOYMENT_TARGET = 15.0;
				MTL_ENABLE_DEBUG_INFO = NO;
				MTL_FAST_MATH = YES;
				SDKROOT = iphoneos;
				SWIFT_COMPILATION_MODE = wholemodule;
				SWIFT_OPTIMIZATION_LEVEL = "-O";
				VALIDATE_PRODUCT = YES;
			};
			name = Release;
		};
		2E2EC24E283D43A5006C4CFA /* Debug */ = {
			isa = XCBuildConfiguration;
			buildSettings = {
				ASSETCATALOG_COMPILER_APPICON_NAME = AppIcon;
				ASSETCATALOG_COMPILER_GLOBAL_ACCENT_COLOR_NAME = AccentColor;
				CODE_SIGN_STYLE = Automatic;
				CURRENT_PROJECT_VERSION = 1;
				DEVELOPMENT_TEAM = ZT7SZU32GJ;
				GENERATE_INFOPLIST_FILE = YES;
				INFOPLIST_FILE = WeatherFi/Info.plist;
				INFOPLIST_KEY_UIApplicationSupportsIndirectInputEvents = YES;
				INFOPLIST_KEY_UILaunchStoryboardName = LaunchScreen;
				INFOPLIST_KEY_UIMainStoryboardFile = Main;
				INFOPLIST_KEY_UISupportedInterfaceOrientations_iPad = "UIInterfaceOrientationPortrait UIInterfaceOrientationPortraitUpsideDown UIInterfaceOrientationLandscapeLeft UIInterfaceOrientationLandscapeRight";
				INFOPLIST_KEY_UISupportedInterfaceOrientations_iPhone = "UIInterfaceOrientationPortrait UIInterfaceOrientationLandscapeLeft UIInterfaceOrientationLandscapeRight";
				LD_RUNPATH_SEARCH_PATHS = (
					"$(inherited)",
					"@executable_path/Frameworks",
				);
				MARKETING_VERSION = 1.0;
				PRODUCT_BUNDLE_IDENTIFIER = com.aakashsinha.Weather.WeatherFi;
				PRODUCT_NAME = "$(TARGET_NAME)";
				SWIFT_EMIT_LOC_STRINGS = YES;
				SWIFT_VERSION = 5.0;
				TARGETED_DEVICE_FAMILY = 1;
			};
			name = Debug;
		};
		2E2EC24F283D43A5006C4CFA /* Release */ = {
			isa = XCBuildConfiguration;
			buildSettings = {
				ASSETCATALOG_COMPILER_APPICON_NAME = AppIcon;
				ASSETCATALOG_COMPILER_GLOBAL_ACCENT_COLOR_NAME = AccentColor;
				CODE_SIGN_STYLE = Automatic;
				CURRENT_PROJECT_VERSION = 1;
				DEVELOPMENT_TEAM = ZT7SZU32GJ;
				GENERATE_INFOPLIST_FILE = YES;
				INFOPLIST_FILE = WeatherFi/Info.plist;
				INFOPLIST_KEY_UIApplicationSupportsIndirectInputEvents = YES;
				INFOPLIST_KEY_UILaunchStoryboardName = LaunchScreen;
				INFOPLIST_KEY_UIMainStoryboardFile = Main;
				INFOPLIST_KEY_UISupportedInterfaceOrientations_iPad = "UIInterfaceOrientationPortrait UIInterfaceOrientationPortraitUpsideDown UIInterfaceOrientationLandscapeLeft UIInterfaceOrientationLandscapeRight";
				INFOPLIST_KEY_UISupportedInterfaceOrientations_iPhone = "UIInterfaceOrientationPortrait UIInterfaceOrientationLandscapeLeft UIInterfaceOrientationLandscapeRight";
				LD_RUNPATH_SEARCH_PATHS = (
					"$(inherited)",
					"@executable_path/Frameworks",
				);
				MARKETING_VERSION = 1.0;
				PRODUCT_BUNDLE_IDENTIFIER = com.aakashsinha.Weather.WeatherFi;
				PRODUCT_NAME = "$(TARGET_NAME)";
				SWIFT_EMIT_LOC_STRINGS = YES;
				SWIFT_VERSION = 5.0;
				TARGETED_DEVICE_FAMILY = 1;
			};
			name = Release;
		};
/* End XCBuildConfiguration section */

/* Begin XCConfigurationList section */
		2E2EC234283D43A1006C4CFA /* Build configuration list for PBXProject "WeatherFi" */ = {
			isa = XCConfigurationList;
			buildConfigurations = (
				2E2EC24B283D43A5006C4CFA /* Debug */,
				2E2EC24C283D43A5006C4CFA /* Release */,
			);
			defaultConfigurationIsVisible = 0;
			defaultConfigurationName = Release;
		};
		2E2EC24D283D43A5006C4CFA /* Build configuration list for PBXNativeTarget "WeatherFi" */ = {
			isa = XCConfigurationList;
			buildConfigurations = (
				2E2EC24E283D43A5006C4CFA /* Debug */,
				2E2EC24F283D43A5006C4CFA /* Release */,
			);
			defaultConfigurationIsVisible = 0;
			defaultConfigurationName = Release;
		};
/* End XCConfigurationList section */
	};
	rootObject = 2E2EC231283D43A1006C4CFA /* Project object */;
}
